
Microsoft Visual Studio Solution File, Format Version 12.00
# Visual Studio 15
VisualStudioVersion = 15.0.27703.2035
MinimumVisualStudioVersion = 10.0.40219.1
Project("{FAE04EC0-301F-11D3-BF4B-00C04F79EFBC}") = "Manchester.Hall9001", "Manchester.Hall9001.csproj", "{1C561493-E6AA-4853-8562-21299A17721D}"
EndProject
Global
	GlobalSection(SolutionConfigurationPlatforms) = preSolution
		Debug|Any CPU = Debug|Any CPU
		Release|Any CPU = Release|Any CPU
	EndGlobalSection
	GlobalSection(ProjectConfigurationPlatforms) = postSolution
		{1C561493-E6AA-4853-8562-21299A17721D}.Debug|Any CPU.ActiveCfg = Debug|Any CPU
		{1C561493-E6AA-4853-8562-21299A17721D}.Debug|Any CPU.Build.0 = Debug|Any CPU
		{1C561493-E6AA-4853-8562-21299A17721D}.Release|Any CPU.ActiveCfg = Release|Any CPU
		{1C561493-E6AA-4853-8562-21299A17721D}.Release|Any CPU.Build.0 = Release|Any CPU
	EndGlobalSection
	GlobalSection(SolutionProperties) = preSolution
		HideSolutionNode = FALSE
	EndGlobalSection
	GlobalSection(ExtensibilityGlobals) = postSolution
		SolutionGuid = {D384D42D-37D9-4881-A1AF-0FF93E9B06F4}
	EndGlobalSection
EndGlobal
